{
    "hash": "d5d4089fbf23ee14865b13cd77c33656",
    "packages": [
        {
            "package": "cboden/Ratchet",
            "version": "dev-master",
            "source-reference": "13e56b9db89722a59ddc225cf51cfe0761c0577e",
            "commit-date": "1340305724"
        },
        {
            "package": "evenement/evenement",
            "version": "1.0.x-dev",
            "source-reference": "v1.0.0",
            "commit-date": "1338390068"
        },
        {
            "package": "guzzle/guzzle",
            "version": "v2.5.0"
        },
        {
            "package": "pimple/pimple",
            "version": "dev-master",
            "alias-pretty-version": "1.0.x-dev",
            "alias-version": "1.0.9999999.9999999-dev"
        },
        {
            "package": "pimple/pimple",
            "version": "dev-master",
            "source-reference": "86cae5c9e85cd02f1703c774ddf12f2448a5938c",
            "commit-date": "1340285678"
        },
        {
            "package": "react/event-loop",
            "version": "dev-master",
            "source-reference": "0927a2129394f10cc8534994271c6073ca9e350c",
            "commit-date": "1337810634"
        },
        {
            "package": "react/socket",
            "version": "dev-master",
            "source-reference": "e6f56a2d9ed1ad51d931ae3d3fee4a5803585bc8",
            "commit-date": "1340206359"
        },
        {
            "package": "silex/silex",
            "version": "dev-master",
            "alias-pretty-version": "1.0.x-dev",
            "alias-version": "1.0.9999999.9999999-dev"
        },
        {
            "package": "silex/silex",
            "version": "dev-master",
            "source-reference": "4b6c46eeb658673d4fcdd62faa6cf3b98cd53087",
            "commit-date": "1340952324"
        },
        {
            "package": "symfony/event-dispatcher",
            "version": "dev-master",
            "alias-pretty-version": "2.1.x-dev",
            "alias-version": "2.1.9999999.9999999-dev"
        },
        {
            "package": "symfony/event-dispatcher",
            "version": "dev-master",
            "source-reference": "v2.1.0-BETA1",
            "commit-date": "1338018513"
        },
        {
            "package": "symfony/http-foundation",
            "version": "dev-master",
            "alias-pretty-version": "2.1.x-dev",
            "alias-version": "2.1.9999999.9999999-dev"
        },
        {
            "package": "symfony/http-foundation",
            "version": "dev-master",
            "source-reference": "e14cccb290443379bfd14f7c48901e07d076013e",
            "commit-date": "1340922909"
        },
        {
            "package": "symfony/http-kernel",
            "version": "dev-master",
            "alias-pretty-version": "2.1.x-dev",
            "alias-version": "2.1.9999999.9999999-dev"
        },
        {
            "package": "symfony/http-kernel",
            "version": "dev-master",
            "source-reference": "6d69fa82c21aa752e7d6aa7c35b70923fd55f450",
            "commit-date": "1340951462"
        },
        {
            "package": "symfony/routing",
            "version": "dev-master",
            "alias-pretty-version": "2.1.x-dev",
            "alias-version": "2.1.9999999.9999999-dev"
        },
        {
            "package": "symfony/routing",
            "version": "dev-master",
            "source-reference": "ed1a7d9118dd1ee332b485f19b920a9e0077022a",
            "commit-date": "1340625003"
        },
        {
            "package": "symfony/twig-bridge",
            "version": "dev-master",
            "alias-pretty-version": "2.1.x-dev",
            "alias-version": "2.1.9999999.9999999-dev"
        },
        {
            "package": "symfony/twig-bridge",
            "version": "dev-master",
            "source-reference": "v2.1.0-BETA1",
            "commit-date": "1339357889"
        },
        {
            "package": "twig/twig",
            "version": "dev-master",
            "alias-pretty-version": "1.8.x-dev",
            "alias-version": "1.8.9999999.9999999-dev"
        },
        {
            "package": "twig/twig",
            "version": "dev-master",
            "source-reference": "73da773aaad0f97f2e967ec8241b8adf7b1e03d2",
            "commit-date": "1340890758"
        }
    ],
    "packages-dev": null,
    "aliases": [

    ],
    "minimum-stability": "dev",
    "stability-flags": {
        "cboden/ratchet": 20
    }
}
